# This file is automatically @generated by Cargo.
# It is not intended for manual editing.
version = 4

[[package]]
name = "lablet"
version = "0.1.0"

[[package]]
name = "lablet-conformance"
version = "0.1.0"

[[package]]
name = "lablet-model"
version = "0.1.0"

[[package]]
name = "lablet-policy"
version = "0.1.0"

[[package]]
name = "lablet-provider-anthropic"
version = "0.1.0"

[[package]]
name = "lablet-provider-fake"
version = "0.1.0"

[[package]]
name = "lablet-provider-openai"
version = "0.1.0"

[[package]]
name = "lablet-run"
version = "0.1.0"

[[package]]
name = "lablet-telemetry-otel"
version = "0.1.0"

[[package]]
name = "lablet-telemetry-registry"
version = "0.1.0"

[[package]]
name = "lablet-test-mcp-server"
version = "0.1.0"

[[package]]
name = "lablet-tools-builtin"
version = "0.1.0"

[[package]]
name = "lablet-tools-mcp"
version = "0.1.0"
