# @generated - this file is auto-generated by `mise lock` https://mise.jdx.dev/dev-tools/mise-lock.html

lockfile_version = 2

[[tools.cargo-deny]]
version = "0.20.2"
backend = "aqua:EmbarkStudios/cargo-deny"
specifiers = ["0.20.2"]

[tools.cargo-deny."platforms.linux-arm64"]
checksum = "sha256:995c82be0defc7a025cae49a2aa2644ce8245c9a3318fc4103907c6a285e8c7d"
url = "https://github.com/EmbarkStudios/cargo-deny/releases/download/0.20.2/cargo-deny-0.20.2-aarch64-unknown-linux-musl.tar.gz"
url_api = "https://api.github.com/repos/EmbarkStudios/cargo-deny/releases/assets/471598345"

[tools.cargo-deny."platforms.linux-arm64-musl"]
checksum = "sha256:995c82be0defc7a025cae49a2aa2644ce8245c9a3318fc4103907c6a285e8c7d"
url = "https://github.com/EmbarkStudios/cargo-deny/releases/download/0.20.2/cargo-deny-0.20.2-aarch64-unknown-linux-musl.tar.gz"
url_api = "https://api.github.com/repos/EmbarkStudios/cargo-deny/releases/assets/471598345"

[tools.cargo-deny."platforms.linux-x64"]
checksum = "sha256:9f12ed4c49936e09b48bf862b595cde2fe64fcbd9d74dfacac6131ca824c8d5f"
url = "https://github.com/EmbarkStudios/cargo-deny/releases/download/0.20.2/cargo-deny-0.20.2-x86_64-unknown-linux-musl.tar.gz"
url_api = "https://api.github.com/repos/EmbarkStudios/cargo-deny/releases/assets/471598214"

[tools.cargo-deny."platforms.linux-x64-musl"]
checksum = "sha256:9f12ed4c49936e09b48bf862b595cde2fe64fcbd9d74dfacac6131ca824c8d5f"
url = "https://github.com/EmbarkStudios/cargo-deny/releases/download/0.20.2/cargo-deny-0.20.2-x86_64-unknown-linux-musl.tar.gz"
url_api = "https://api.github.com/repos/EmbarkStudios/cargo-deny/releases/assets/471598214"

[tools.cargo-deny."platforms.macos-arm64"]
checksum = "sha256:fe67d82a10d8597a3549364cb733a3f9cc1bfff9031b7ae46384a9f2a72090c3"
url = "https://github.com/EmbarkStudios/cargo-deny/releases/download/0.20.2/cargo-deny-0.20.2-aarch64-apple-darwin.tar.gz"
url_api = "https://api.github.com/repos/EmbarkStudios/cargo-deny/releases/assets/471597689"

[tools.cargo-deny."platforms.macos-x64"]
checksum = "sha256:248da7f581724e470071990c088ffc55c811981715f4cbdb258621fb79f8b7a6"
url = "https://github.com/EmbarkStudios/cargo-deny/releases/download/0.20.2/cargo-deny-0.20.2-x86_64-apple-darwin.tar.gz"
url_api = "https://api.github.com/repos/EmbarkStudios/cargo-deny/releases/assets/471598357"

[tools.cargo-deny."platforms.windows-x64"]
checksum = "sha256:975a22143262fd27476d19ee00c7af67978426e40e1dee94eed6bbade1cf87dc"
url = "https://github.com/EmbarkStudios/cargo-deny/releases/download/0.20.2/cargo-deny-0.20.2-x86_64-pc-windows-msvc.tar.gz"
url_api = "https://api.github.com/repos/EmbarkStudios/cargo-deny/releases/assets/471599057"

[[tools."cargo:cargo-mutants"]]
version = "27.1.0"
backend = "cargo:cargo-mutants"
specifiers = ["27.1.0"]

[[tools."github:open-telemetry/weaver"]]
version = "0.26.1"
backend = "github:open-telemetry/weaver"
specifiers = ["0.26.1"]

[tools."github:open-telemetry/weaver"."platforms.linux-arm64"]
checksum = "sha256:398d19b61206abb1169acc176ea41c9eb3223d4acc796516e81e718e6f2a71db"
url = "https://github.com/open-telemetry/weaver/releases/download/v0.26.1/weaver-aarch64-unknown-linux-gnu.tar.xz"
url_api = "https://api.github.com/repos/open-telemetry/weaver/releases/assets/542020666"
provenance = "github-attestations"

[tools."github:open-telemetry/weaver"."platforms.linux-arm64-musl"]
checksum = "sha256:8c3050053dc3294ed21758d12747aca63f9e4bd7a81626eafca711792b96bee5"
url = "https://github.com/open-telemetry/weaver/releases/download/v0.26.1/weaver-aarch64-unknown-linux-musl.tar.xz"
url_api = "https://api.github.com/repos/open-telemetry/weaver/releases/assets/542020671"
provenance = "github-attestations"

[tools."github:open-telemetry/weaver"."platforms.linux-x64"]
checksum = "sha256:1be79cca68925c09b6da04ef8a3875b563cf7c1dcd51cc5b7eff7d2edbb1a5dc"
url = "https://github.com/open-telemetry/weaver/releases/download/v0.26.1/weaver-x86_64-unknown-linux-gnu.tar.xz"
url_api = "https://api.github.com/repos/open-telemetry/weaver/releases/assets/542020696"
provenance = "github-attestations"

[tools."github:open-telemetry/weaver"."platforms.macos-arm64"]
checksum = "sha256:7324b3950a387a1e6ab506454a45177196d120be09a19aebad1e4d7627c00380"
url = "https://github.com/open-telemetry/weaver/releases/download/v0.26.1/weaver-aarch64-apple-darwin.tar.xz"
url_api = "https://api.github.com/repos/open-telemetry/weaver/releases/assets/542020663"
provenance = "github-attestations"

[tools."github:open-telemetry/weaver"."platforms.macos-x64"]
checksum = "sha256:efea5fe42c2f66021b29eb1a71f513b97d28b7f5ea529d7b054244be93a4c91b"
url = "https://github.com/open-telemetry/weaver/releases/download/v0.26.1/weaver-x86_64-apple-darwin.tar.xz"
url_api = "https://api.github.com/repos/open-telemetry/weaver/releases/assets/542020679"
provenance = "github-attestations"

[[tools."github:taiki-e/cargo-llvm-cov"]]
version = "0.9.1"
backend = "github:taiki-e/cargo-llvm-cov"
specifiers = ["0.9.1"]

[tools."github:taiki-e/cargo-llvm-cov"."platforms.linux-arm64"]
checksum = "sha256:abf5f13c1520f8756d2192bfaaeadb0208f5b7eaa8cadc15bf847befa42b7360"
url = "https://github.com/taiki-e/cargo-llvm-cov/releases/download/v0.9.1/cargo-llvm-cov-aarch64-unknown-linux-gnu.tar.gz"
url_api = "https://api.github.com/repos/taiki-e/cargo-llvm-cov/releases/assets/547403281"
provenance = "github-attestations"

[tools."github:taiki-e/cargo-llvm-cov"."platforms.linux-arm64-musl"]
checksum = "sha256:49c0085628392a8d727c4464d91ec417c613c5015f5197cd16d5c05aa3fb5ad1"
url = "https://github.com/taiki-e/cargo-llvm-cov/releases/download/v0.9.1/cargo-llvm-cov-aarch64-unknown-linux-musl.tar.gz"
url_api = "https://api.github.com/repos/taiki-e/cargo-llvm-cov/releases/assets/547403283"
provenance = "github-attestations"

[tools."github:taiki-e/cargo-llvm-cov"."platforms.linux-x64"]
checksum = "sha256:b3f68e625481fed9b16444174f3fa5ebcdbde4a1878803a35eabe2dcefcdc41a"
url = "https://github.com/taiki-e/cargo-llvm-cov/releases/download/v0.9.1/cargo-llvm-cov-x86_64-unknown-linux-gnu.tar.gz"
url_api = "https://api.github.com/repos/taiki-e/cargo-llvm-cov/releases/assets/547403171"
provenance = "github-attestations"

[tools."github:taiki-e/cargo-llvm-cov"."platforms.linux-x64-musl"]
checksum = "sha256:3fca950394a3c49457657c158b1619cec8dfd2647ae5b48746734c0ab969a522"
url = "https://github.com/taiki-e/cargo-llvm-cov/releases/download/v0.9.1/cargo-llvm-cov-x86_64-unknown-linux-musl.tar.gz"
url_api = "https://api.github.com/repos/taiki-e/cargo-llvm-cov/releases/assets/547403186"
provenance = "github-attestations"

[tools."github:taiki-e/cargo-llvm-cov"."platforms.macos-arm64"]
checksum = "sha256:7e821a6c90c0884f79f759f5d9be50799ade67bb82515186d922f26032ef43b8"
url = "https://github.com/taiki-e/cargo-llvm-cov/releases/download/v0.9.1/cargo-llvm-cov-aarch64-apple-darwin.tar.gz"
url_api = "https://api.github.com/repos/taiki-e/cargo-llvm-cov/releases/assets/547403359"
provenance = "github-attestations"

[tools."github:taiki-e/cargo-llvm-cov"."platforms.macos-x64"]
checksum = "sha256:ddf949b82a63017441ea76aa068bdd7e2dde8055f47cd3ef736fdbbd633bc33e"
url = "https://github.com/taiki-e/cargo-llvm-cov/releases/download/v0.9.1/cargo-llvm-cov-x86_64-apple-darwin.tar.gz"
url_api = "https://api.github.com/repos/taiki-e/cargo-llvm-cov/releases/assets/547403156"
provenance = "github-attestations"

[tools."github:taiki-e/cargo-llvm-cov"."platforms.windows-x64"]
checksum = "sha256:656590cfa13bb7478595bbfdd3bc6bc075a4f7f3f0df5a439c1856cb03c5a4d2"
url = "https://github.com/taiki-e/cargo-llvm-cov/releases/download/v0.9.1/cargo-llvm-cov-x86_64-pc-windows-msvc.zip"
url_api = "https://api.github.com/repos/taiki-e/cargo-llvm-cov/releases/assets/547404215"
provenance = "github-attestations"

[[tools.vale]]
version = "3.22.0"
backend = "aqua:vale-cli/vale"
specifiers = ["3.22.0"]

[tools.vale."platforms.linux-arm64"]
checksum = "sha256:18f57dfe023e804159b2bb307f00274d801d426c518a8a0cc25d4f98bf035e73"
url = "https://github.com/vale-cli/vale/releases/download/v3.22.0/vale_3.22.0_Linux_arm64.tar.gz"
url_api = "https://api.github.com/repos/vale-cli/vale/releases/assets/570522680"

[tools.vale."platforms.linux-x64"]
checksum = "sha256:52f5cd0314a1b7384cac6aa102a68193977312f6ba9c9f3ae001b5deec8e3a10"
url = "https://github.com/vale-cli/vale/releases/download/v3.22.0/vale_3.22.0_Linux_64-bit.tar.gz"
url_api = "https://api.github.com/repos/vale-cli/vale/releases/assets/570522733"

[tools.vale."platforms.macos-arm64"]
checksum = "sha256:7dea014d6586101f6f695105f2e8825b7297236df0af9e68e193bcb4e4d25f7e"
url = "https://github.com/vale-cli/vale/releases/download/v3.22.0/vale_3.22.0_macOS_arm64.tar.gz"
url_api = "https://api.github.com/repos/vale-cli/vale/releases/assets/570522684"

[tools.vale."platforms.macos-x64"]
checksum = "sha256:e54a94b86d45f8bdd751f31ad3d06d6ae04da1154e720a006ed0f2e03a675fff"
url = "https://github.com/vale-cli/vale/releases/download/v3.22.0/vale_3.22.0_macOS_64-bit.tar.gz"
url_api = "https://api.github.com/repos/vale-cli/vale/releases/assets/570522678"
